
Microsoft Visual Studio Solution File, Format Version 12.00
# Visual Studio 15
VisualStudioVersion = 15.0.26730.15
MinimumVisualStudioVersion = 10.0.40219.1
Project("{F184B08F-C81C-45F6-A57F-5ABD9991F28F}") = "LightTelegramBot", "LightTelegramBot\LightTelegramBot.vbproj", "{C003B621-1C09-4C7B-84F6-27570D4FAAAA}"
EndProject
Global
	GlobalSection(SolutionConfigurationPlatforms) = preSolution
		Debug|Any CPU = Debug|Any CPU
		Release|Any CPU = Release|Any CPU
	EndGlobalSection
	GlobalSection(ProjectConfigurationPlatforms) = postSolution
		{C003B621-1C09-4C7B-84F6-27570D4FAAAA}.Debug|Any CPU.ActiveCfg = Debug|Any CPU
		{C003B621-1C09-4C7B-84F6-27570D4FAAAA}.Debug|Any CPU.Build.0 = Debug|Any CPU
		{C003B621-1C09-4C7B-84F6-27570D4FAAAA}.Release|Any CPU.ActiveCfg = Release|Any CPU
		{C003B621-1C09-4C7B-84F6-27570D4FAAAA}.Release|Any CPU.Build.0 = Release|Any CPU
	EndGlobalSection
	GlobalSection(SolutionProperties) = preSolution
		HideSolutionNode = FALSE
	EndGlobalSection
	GlobalSection(ExtensibilityGlobals) = postSolution
		SolutionGuid = {3A4B41DB-0E53-4B88-B67E-DF2982B1A546}
	EndGlobalSection
EndGlobal
